
Microsoft Visual Studio Solution File, Format Version 12.00
# Visual Studio 2013
VisualStudioVersion = 12.0.40629.0
MinimumVisualStudioVersion = 10.0.40219.1
Project("{FAE04EC0-301F-11D3-BF4B-00C04F79EFBC}") = "Grafika5", "Grafika5\Grafika5.csproj", "{BDB04E62-C82E-44FF-B484-A3836831AA3A}"
EndProject
Global
	GlobalSection(SolutionConfigurationPlatforms) = preSolution
		Debug|Any CPU = Debug|Any CPU
		Release|Any CPU = Release|Any CPU
	EndGlobalSection
	GlobalSection(ProjectConfigurationPlatforms) = postSolution
		{BDB04E62-C82E-44FF-B484-A3836831AA3A}.Debug|Any CPU.ActiveCfg = Debug|Any CPU
		{BDB04E62-C82E-44FF-B484-A3836831AA3A}.Debug|Any CPU.Build.0 = Debug|Any CPU
		{BDB04E62-C82E-44FF-B484-A3836831AA3A}.Release|Any CPU.ActiveCfg = Release|Any CPU
		{BDB04E62-C82E-44FF-B484-A3836831AA3A}.Release|Any CPU.Build.0 = Release|Any CPU
	EndGlobalSection
	GlobalSection(SolutionProperties) = preSolution
		HideSolutionNode = FALSE
	EndGlobalSection
EndGlobal
